
Microsoft Visual Studio Solution File, Format Version 12.00
# Visual Studio Version 16
VisualStudioVersion = 16.0.31105.61
MinimumVisualStudioVersion = 10.0.40219.1
Project("{FAE04EC0-301F-11D3-BF4B-00C04F79EFBC}") = "PauseButtonDuration", "PauseButtonDuration\PauseButtonDuration.csproj", "{ED67FA53-783E-41DB-8455-825D6E418CFF}"
EndProject
Global
	GlobalSection(SolutionConfigurationPlatforms) = preSolution
		Debug|Any CPU = Debug|Any CPU
		Release|Any CPU = Release|Any CPU
	EndGlobalSection
	GlobalSection(ProjectConfigurationPlatforms) = postSolution
		{ED67FA53-783E-41DB-8455-825D6E418CFF}.Debug|Any CPU.ActiveCfg = Debug|Any CPU
		{ED67FA53-783E-41DB-8455-825D6E418CFF}.Debug|Any CPU.Build.0 = Debug|Any CPU
		{ED67FA53-783E-41DB-8455-825D6E418CFF}.Release|Any CPU.ActiveCfg = Release|Any CPU
		{ED67FA53-783E-41DB-8455-825D6E418CFF}.Release|Any CPU.Build.0 = Release|Any CPU
	EndGlobalSection
	GlobalSection(SolutionProperties) = preSolution
		HideSolutionNode = FALSE
	EndGlobalSection
	GlobalSection(ExtensibilityGlobals) = postSolution
		SolutionGuid = {2BC1A135-3352-4E3D-A43A-01AEE0029C76}
	EndGlobalSection
EndGlobal
